
Microsoft Visual Studio Solution File, Format Version 12.00
# Visual Studio Version 16
VisualStudioVersion = 16.0.29806.167
MinimumVisualStudioVersion = 10.0.40219.1
Project("{FAE04EC0-301F-11D3-BF4B-00C04F79EFBC}") = "ReVVed", "ReVVed\ReVVed.csproj", "{5FC35710-C90B-462A-A09D-452664F29B2E}"
EndProject
Project("{FAE04EC0-301F-11D3-BF4B-00C04F79EFBC}") = "pkhCommon", "..\pkhCommon_strongNamed\pkhCommon\pkhCommon.csproj", "{65AB093B-FE2D-4534-A331-E7363642872F}"
EndProject
Global
	GlobalSection(SolutionConfigurationPlatforms) = preSolution
		Debug|Any CPU = Debug|Any CPU
		Debug|x64 = Debug|x64
		Debug|x86 = Debug|x86
		Design|Any CPU = Design|Any CPU
		Design|x64 = Design|x64
		Design|x86 = Design|x86
		Design-32bit|Any CPU = Design-32bit|Any CPU
		Design-32bit|x64 = Design-32bit|x64
		Design-32bit|x86 = Design-32bit|x86
		Localize|Any CPU = Localize|Any CPU
		Localize|x64 = Localize|x64
		Localize|x86 = Localize|x86
		MLTI_Debug|Any CPU = MLTI_Debug|Any CPU
		MLTI_Debug|x64 = MLTI_Debug|x64
		MLTI_Debug|x86 = MLTI_Debug|x86
		MLTI_Release|Any CPU = MLTI_Release|Any CPU
		MLTI_Release|x64 = MLTI_Release|x64
		MLTI_Release|x86 = MLTI_Release|x86
		Release|Any CPU = Release|Any CPU
		Release|x64 = Release|x64
		Release|x86 = Release|x86
	EndGlobalSection
	GlobalSection(ProjectConfigurationPlatforms) = postSolution
		{5FC35710-C90B-462A-A09D-452664F29B2E}.Debug|Any CPU.ActiveCfg = Debug|Any CPU
		{5FC35710-C90B-462A-A09D-452664F29B2E}.Debug|Any CPU.Build.0 = Debug|Any CPU
		{5FC35710-C90B-462A-A09D-452664F29B2E}.Debug|x64.ActiveCfg = Debug|x64
		{5FC35710-C90B-462A-A09D-452664F29B2E}.Debug|x64.Build.0 = Debug|x64
		{5FC35710-C90B-462A-A09D-452664F29B2E}.Debug|x86.ActiveCfg = Debug|x86
		{5FC35710-C90B-462A-A09D-452664F29B2E}.Debug|x86.Build.0 = Debug|x86
		{5FC35710-C90B-462A-A09D-452664F29B2E}.Design|Any CPU.ActiveCfg = Debug|Any CPU
		{5FC35710-C90B-462A-A09D-452664F29B2E}.Design|Any CPU.Build.0 = Debug|Any CPU
		{5FC35710-C90B-462A-A09D-452664F29B2E}.Design|x64.ActiveCfg = Debug|x64
		{5FC35710-C90B-462A-A09D-452664F29B2E}.Design|x64.Build.0 = Debug|x64
		{5FC35710-C90B-462A-A09D-452664F29B2E}.Design|x86.ActiveCfg = Debug|x86
		{5FC35710-C90B-462A-A09D-452664F29B2E}.Design|x86.Build.0 = Debug|x86
		{5FC35710-C90B-462A-A09D-452664F29B2E}.Design-32bit|Any CPU.ActiveCfg = Debug|Any CPU
		{5FC35710-C90B-462A-A09D-452664F29B2E}.Design-32bit|Any CPU.Build.0 = Debug|Any CPU
		{5FC35710-C90B-462A-A09D-452664F29B2E}.Design-32bit|x64.ActiveCfg = Debug|x64
		{5FC35710-C90B-462A-A09D-452664F29B2E}.Design-32bit|x64.Build.0 = Debug|x64
		{5FC35710-C90B-462A-A09D-452664F29B2E}.Design-32bit|x86.ActiveCfg = Debug|x86
		{5FC35710-C90B-462A-A09D-452664F29B2E}.Design-32bit|x86.Build.0 = Debug|x86
		{5FC35710-C90B-462A-A09D-452664F29B2E}.Localize|Any CPU.ActiveCfg = Localize|Any CPU
		{5FC35710-C90B-462A-A09D-452664F29B2E}.Localize|Any CPU.Build.0 = Localize|Any CPU
		{5FC35710-C90B-462A-A09D-452664F29B2E}.Localize|x64.ActiveCfg = Localize|Any CPU
		{5FC35710-C90B-462A-A09D-452664F29B2E}.Localize|x64.Build.0 = Localize|Any CPU
		{5FC35710-C90B-462A-A09D-452664F29B2E}.Localize|x86.ActiveCfg = Localize|x86
		{5FC35710-C90B-462A-A09D-452664F29B2E}.Localize|x86.Build.0 = Localize|x86
		{5FC35710-C90B-462A-A09D-452664F29B2E}.MLTI_Debug|Any CPU.ActiveCfg = Debug|Any CPU
		{5FC35710-C90B-462A-A09D-452664F29B2E}.MLTI_Debug|Any CPU.Build.0 = Debug|Any CPU
		{5FC35710-C90B-462A-A09D-452664F29B2E}.MLTI_Debug|x64.ActiveCfg = Debug|x64
		{5FC35710-C90B-462A-A09D-452664F29B2E}.MLTI_Debug|x64.Build.0 = Debug|x64
		{5FC35710-C90B-462A-A09D-452664F29B2E}.MLTI_Debug|x86.ActiveCfg = Debug|x86
		{5FC35710-C90B-462A-A09D-452664F29B2E}.MLTI_Debug|x86.Build.0 = Debug|x86
		{5FC35710-C90B-462A-A09D-452664F29B2E}.MLTI_Release|Any CPU.ActiveCfg = Release|Any CPU
		{5FC35710-C90B-462A-A09D-452664F29B2E}.MLTI_Release|Any CPU.Build.0 = Release|Any CPU
		{5FC35710-C90B-462A-A09D-452664F29B2E}.MLTI_Release|x64.ActiveCfg = Release|x64
		{5FC35710-C90B-462A-A09D-452664F29B2E}.MLTI_Release|x64.Build.0 = Release|x64
		{5FC35710-C90B-462A-A09D-452664F29B2E}.MLTI_Release|x86.ActiveCfg = Release|x86
		{5FC35710-C90B-462A-A09D-452664F29B2E}.MLTI_Release|x86.Build.0 = Release|x86
		{5FC35710-C90B-462A-A09D-452664F29B2E}.Release|Any CPU.ActiveCfg = Release|Any CPU
		{5FC35710-C90B-462A-A09D-452664F29B2E}.Release|Any CPU.Build.0 = Release|Any CPU
		{5FC35710-C90B-462A-A09D-452664F29B2E}.Release|x64.ActiveCfg = Release|x64
		{5FC35710-C90B-462A-A09D-452664F29B2E}.Release|x64.Build.0 = Release|x64
		{5FC35710-C90B-462A-A09D-452664F29B2E}.Release|x86.ActiveCfg = Release|x86
		{5FC35710-C90B-462A-A09D-452664F29B2E}.Release|x86.Build.0 = Release|x86
		{65AB093B-FE2D-4534-A331-E7363642872F}.Debug|Any CPU.ActiveCfg = Debug|Any CPU
		{65AB093B-FE2D-4534-A331-E7363642872F}.Debug|Any CPU.Build.0 = Debug|Any CPU
		{65AB093B-FE2D-4534-A331-E7363642872F}.Debug|x64.ActiveCfg = Debug|x64
		{65AB093B-FE2D-4534-A331-E7363642872F}.Debug|x64.Build.0 = Debug|x64
		{65AB093B-FE2D-4534-A331-E7363642872F}.Debug|x86.ActiveCfg = Debug|x86
		{65AB093B-FE2D-4534-A331-E7363642872F}.Debug|x86.Build.0 = Debug|x86
		{65AB093B-FE2D-4534-A331-E7363642872F}.Design|Any CPU.ActiveCfg = Design|Any CPU
		{65AB093B-FE2D-4534-A331-E7363642872F}.Design|Any CPU.Build.0 = Design|Any CPU
		{65AB093B-FE2D-4534-A331-E7363642872F}.Design|x64.ActiveCfg = Design|x64
		{65AB093B-FE2D-4534-A331-E7363642872F}.Design|x64.Build.0 = Design|x64
		{65AB093B-FE2D-4534-A331-E7363642872F}.Design|x86.ActiveCfg = Design|x86
		{65AB093B-FE2D-4534-A331-E7363642872F}.Design|x86.Build.0 = Design|x86
		{65AB093B-FE2D-4534-A331-E7363642872F}.Design-32bit|Any CPU.ActiveCfg = Design-32bit|Any CPU
		{65AB093B-FE2D-4534-A331-E7363642872F}.Design-32bit|Any CPU.Build.0 = Design-32bit|Any CPU
		{65AB093B-FE2D-4534-A331-E7363642872F}.Design-32bit|x64.ActiveCfg = Design-32bit|x64
		{65AB093B-FE2D-4534-A331-E7363642872F}.Design-32bit|x64.Build.0 = Design-32bit|x64
		{65AB093B-FE2D-4534-A331-E7363642872F}.Design-32bit|x86.ActiveCfg = Design-32bit|x86
		{65AB093B-FE2D-4534-A331-E7363642872F}.Design-32bit|x86.Build.0 = Design-32bit|x86
		{65AB093B-FE2D-4534-A331-E7363642872F}.Localize|Any CPU.ActiveCfg = Localize|Any CPU
		{65AB093B-FE2D-4534-A331-E7363642872F}.Localize|Any CPU.Build.0 = Localize|Any CPU
		{65AB093B-FE2D-4534-A331-E7363642872F}.Localize|x64.ActiveCfg = Localize|x64
		{65AB093B-FE2D-4534-A331-E7363642872F}.Localize|x64.Build.0 = Localize|x64
		{65AB093B-FE2D-4534-A331-E7363642872F}.Localize|x86.ActiveCfg = Localize|x86
		{65AB093B-FE2D-4534-A331-E7363642872F}.Localize|x86.Build.0 = Localize|x86
		{65AB093B-FE2D-4534-A331-E7363642872F}.MLTI_Debug|Any CPU.ActiveCfg = MLTI_Debug|Any CPU
		{65AB093B-FE2D-4534-A331-E7363642872F}.MLTI_Debug|Any CPU.Build.0 = MLTI_Debug|Any CPU
		{65AB093B-FE2D-4534-A331-E7363642872F}.MLTI_Debug|x64.ActiveCfg = MLTI_Debug|x64
		{65AB093B-FE2D-4534-A331-E7363642872F}.MLTI_Debug|x64.Build.0 = MLTI_Debug|x64
		{65AB093B-FE2D-4534-A331-E7363642872F}.MLTI_Debug|x86.ActiveCfg = MLTI_Debug|x86
		{65AB093B-FE2D-4534-A331-E7363642872F}.MLTI_Debug|x86.Build.0 = MLTI_Debug|x86
		{65AB093B-FE2D-4534-A331-E7363642872F}.MLTI_Release|Any CPU.ActiveCfg = MLTI_Release|Any CPU
		{65AB093B-FE2D-4534-A331-E7363642872F}.MLTI_Release|Any CPU.Build.0 = MLTI_Release|Any CPU
		{65AB093B-FE2D-4534-A331-E7363642872F}.MLTI_Release|x64.ActiveCfg = MLTI_Release|x64
		{65AB093B-FE2D-4534-A331-E7363642872F}.MLTI_Release|x64.Build.0 = MLTI_Release|x64
		{65AB093B-FE2D-4534-A331-E7363642872F}.MLTI_Release|x86.ActiveCfg = MLTI_Release|x86
		{65AB093B-FE2D-4534-A331-E7363642872F}.MLTI_Release|x86.Build.0 = MLTI_Release|x86
		{65AB093B-FE2D-4534-A331-E7363642872F}.Release|Any CPU.ActiveCfg = Release|Any CPU
		{65AB093B-FE2D-4534-A331-E7363642872F}.Release|Any CPU.Build.0 = Release|Any CPU
		{65AB093B-FE2D-4534-A331-E7363642872F}.Release|x64.ActiveCfg = Release|x64
		{65AB093B-FE2D-4534-A331-E7363642872F}.Release|x64.Build.0 = Release|x64
		{65AB093B-FE2D-4534-A331-E7363642872F}.Release|x86.ActiveCfg = Release|x86
		{65AB093B-FE2D-4534-A331-E7363642872F}.Release|x86.Build.0 = Release|x86
	EndGlobalSection
	GlobalSection(SolutionProperties) = preSolution
		HideSolutionNode = FALSE
	EndGlobalSection
	GlobalSection(ExtensibilityGlobals) = postSolution
		SolutionGuid = {AC881F51-BF6A-48AA-ABEB-8419BF07B198}
	EndGlobalSection
EndGlobal
